
Microsoft Visual Studio Solution File, Format Version 12.00
# Visual Studio Version 16
VisualStudioVersion = 16.0.29613.14
MinimumVisualStudioVersion = 10.0.40219.1
Project("{FAE04EC0-301F-11D3-BF4B-00C04F79EFBC}") = "WMAD.ClassLibs", "WMAD.ClassLibs.csproj", "{BE1ED5FE-449A-42A3-B9AF-E73C90FD158C}"
EndProject
Global
	GlobalSection(SolutionConfigurationPlatforms) = preSolution
		Debug|Any CPU = Debug|Any CPU
		Release|Any CPU = Release|Any CPU
	EndGlobalSection
	GlobalSection(ProjectConfigurationPlatforms) = postSolution
		{BE1ED5FE-449A-42A3-B9AF-E73C90FD158C}.Debug|Any CPU.ActiveCfg = Debug|Any CPU
		{BE1ED5FE-449A-42A3-B9AF-E73C90FD158C}.Debug|Any CPU.Build.0 = Debug|Any CPU
		{BE1ED5FE-449A-42A3-B9AF-E73C90FD158C}.Release|Any CPU.ActiveCfg = Release|Any CPU
		{BE1ED5FE-449A-42A3-B9AF-E73C90FD158C}.Release|Any CPU.Build.0 = Release|Any CPU
	EndGlobalSection
	GlobalSection(SolutionProperties) = preSolution
		HideSolutionNode = FALSE
	EndGlobalSection
	GlobalSection(ExtensibilityGlobals) = postSolution
		SolutionGuid = {2CCACD13-1B4D-4A44-9042-E69AB89B36ED}
	EndGlobalSection
EndGlobal
